
Microsoft Visual Studio Solution File, Format Version 12.00
# Visual Studio Version 17
VisualStudioVersion = 17.8.34330.188
MinimumVisualStudioVersion = 10.0.40219.1
Project("{8BC9CEB8-8B4A-11D0-8D11-00A0C91BC942}") = "typeerasure", "typeerasure\typeerasure.vcxproj", "{BE00F410-BFC3-4C41-AB96-7AAE2FB05F59}"
EndProject
Global
	GlobalSection(SolutionConfigurationPlatforms) = preSolution
		Debug|x64 = Debug|x64
		Debug|x86 = Debug|x86
		Release|x64 = Release|x64
		Release|x86 = Release|x86
	EndGlobalSection
	GlobalSection(ProjectConfigurationPlatforms) = postSolution
		{BE00F410-BFC3-4C41-AB96-7AAE2FB05F59}.Debug|x64.ActiveCfg = Debug|x64
		{BE00F410-BFC3-4C41-AB96-7AAE2FB05F59}.Debug|x64.Build.0 = Debug|x64
		{BE00F410-BFC3-4C41-AB96-7AAE2FB05F59}.Debug|x86.ActiveCfg = Debug|Win32
		{BE00F410-BFC3-4C41-AB96-7AAE2FB05F59}.Debug|x86.Build.0 = Debug|Win32
		{BE00F410-BFC3-4C41-AB96-7AAE2FB05F59}.Release|x64.ActiveCfg = Release|x64
		{BE00F410-BFC3-4C41-AB96-7AAE2FB05F59}.Release|x64.Build.0 = Release|x64
		{BE00F410-BFC3-4C41-AB96-7AAE2FB05F59}.Release|x86.ActiveCfg = Release|Win32
		{BE00F410-BFC3-4C41-AB96-7AAE2FB05F59}.Release|x86.Build.0 = Release|Win32
	EndGlobalSection
	GlobalSection(SolutionProperties) = preSolution
		HideSolutionNode = FALSE
	EndGlobalSection
	GlobalSection(ExtensibilityGlobals) = postSolution
		SolutionGuid = {B1063DB2-6798-4FD4-88AD-830D2ABB8062}
	EndGlobalSection
EndGlobal
